
Microsoft Visual Studio Solution File, Format Version 12.00
# Visual Studio Version 16
VisualStudioVersion = 16.0.31005.135
MinimumVisualStudioVersion = 10.0.40219.1
Project("{9A19103F-16F7-4668-BE54-9A1E7A4F7556}") = "DataAccess", "DataAccess\DataAccess.csproj", "{2509169E-1BF3-467A-B134-326640D74B88}"
EndProject
Project("{9A19103F-16F7-4668-BE54-9A1E7A4F7556}") = "Business", "Business\Business.csproj", "{422787D7-28A7-4F1E-8EBD-72D086440CCD}"
EndProject
Project("{9A19103F-16F7-4668-BE54-9A1E7A4F7556}") = "Entities", "Entities\Entities.csproj", "{89C12FD6-6C92-47DB-9BE4-C3A0DC2AE9D5}"
EndProject
Project("{9A19103F-16F7-4668-BE54-9A1E7A4F7556}") = "ConsoleUI2", "ConsoleUI2\ConsoleUI2.csproj", "{6105C240-4848-4837-B2F2-3121F9621241}"
EndProject
Global
	GlobalSection(SolutionConfigurationPlatforms) = preSolution
		Debug|Any CPU = Debug|Any CPU
		Release|Any CPU = Release|Any CPU
	EndGlobalSection
	GlobalSection(ProjectConfigurationPlatforms) = postSolution
		{2509169E-1BF3-467A-B134-326640D74B88}.Debug|Any CPU.ActiveCfg = Debug|Any CPU
		{2509169E-1BF3-467A-B134-326640D74B88}.Debug|Any CPU.Build.0 = Debug|Any CPU
		{2509169E-1BF3-467A-B134-326640D74B88}.Release|Any CPU.ActiveCfg = Release|Any CPU
		{2509169E-1BF3-467A-B134-326640D74B88}.Release|Any CPU.Build.0 = Release|Any CPU
		{422787D7-28A7-4F1E-8EBD-72D086440CCD}.Debug|Any CPU.ActiveCfg = Debug|Any CPU
		{422787D7-28A7-4F1E-8EBD-72D086440CCD}.Debug|Any CPU.Build.0 = Debug|Any CPU
		{422787D7-28A7-4F1E-8EBD-72D086440CCD}.Release|Any CPU.ActiveCfg = Release|Any CPU
		{422787D7-28A7-4F1E-8EBD-72D086440CCD}.Release|Any CPU.Build.0 = Release|Any CPU
		{89C12FD6-6C92-47DB-9BE4-C3A0DC2AE9D5}.Debug|Any CPU.ActiveCfg = Debug|Any CPU
		{89C12FD6-6C92-47DB-9BE4-C3A0DC2AE9D5}.Debug|Any CPU.Build.0 = Debug|Any CPU
		{89C12FD6-6C92-47DB-9BE4-C3A0DC2AE9D5}.Release|Any CPU.ActiveCfg = Release|Any CPU
		{89C12FD6-6C92-47DB-9BE4-C3A0DC2AE9D5}.Release|Any CPU.Build.0 = Release|Any CPU
		{6105C240-4848-4837-B2F2-3121F9621241}.Debug|Any CPU.ActiveCfg = Debug|Any CPU
		{6105C240-4848-4837-B2F2-3121F9621241}.Debug|Any CPU.Build.0 = Debug|Any CPU
		{6105C240-4848-4837-B2F2-3121F9621241}.Release|Any CPU.ActiveCfg = Release|Any CPU
		{6105C240-4848-4837-B2F2-3121F9621241}.Release|Any CPU.Build.0 = Release|Any CPU
	EndGlobalSection
	GlobalSection(SolutionProperties) = preSolution
		HideSolutionNode = FALSE
	EndGlobalSection
	GlobalSection(ExtensibilityGlobals) = postSolution
		SolutionGuid = {F9AE06CE-AEED-4AC1-B3DA-A4FB0A4941B0}
	EndGlobalSection
EndGlobal
